
Microsoft Visual Studio Solution File, Format Version 12.00
# Visual Studio Version 16
VisualStudioVersion = 16.0.30717.126
MinimumVisualStudioVersion = 10.0.40219.1
Project("{FAE04EC0-301F-11D3-BF4B-00C04F79EFBC}") = "ATMsimulation", "ATMsimulation\ATMsimulation.csproj", "{3C99CFD6-B30E-4563-B600-07B0E769AF23}"
EndProject
Project("{FAE04EC0-301F-11D3-BF4B-00C04F79EFBC}") = "ATMsimulation.Tests", "ATMsimulation.Tests\ATMsimulation.Tests.csproj", "{9DEA7333-E652-44FE-96AE-2BFAFD9A1DDC}"
EndProject
Global
	GlobalSection(SolutionConfigurationPlatforms) = preSolution
		Debug|Any CPU = Debug|Any CPU
		Release|Any CPU = Release|Any CPU
	EndGlobalSection
	GlobalSection(ProjectConfigurationPlatforms) = postSolution
		{3C99CFD6-B30E-4563-B600-07B0E769AF23}.Debug|Any CPU.ActiveCfg = Debug|Any CPU
		{3C99CFD6-B30E-4563-B600-07B0E769AF23}.Debug|Any CPU.Build.0 = Debug|Any CPU
		{3C99CFD6-B30E-4563-B600-07B0E769AF23}.Release|Any CPU.ActiveCfg = Release|Any CPU
		{3C99CFD6-B30E-4563-B600-07B0E769AF23}.Release|Any CPU.Build.0 = Release|Any CPU
		{9DEA7333-E652-44FE-96AE-2BFAFD9A1DDC}.Debug|Any CPU.ActiveCfg = Debug|Any CPU
		{9DEA7333-E652-44FE-96AE-2BFAFD9A1DDC}.Debug|Any CPU.Build.0 = Debug|Any CPU
		{9DEA7333-E652-44FE-96AE-2BFAFD9A1DDC}.Release|Any CPU.ActiveCfg = Release|Any CPU
		{9DEA7333-E652-44FE-96AE-2BFAFD9A1DDC}.Release|Any CPU.Build.0 = Release|Any CPU
	EndGlobalSection
	GlobalSection(SolutionProperties) = preSolution
		HideSolutionNode = FALSE
	EndGlobalSection
	GlobalSection(ExtensibilityGlobals) = postSolution
		SolutionGuid = {A4162C7F-4BBD-4904-99E6-6F1D95E2110D}
	EndGlobalSection
EndGlobal
